// !$*UTF8*$!
{
	archiveVersion = 1;
	classes = {
	};
	objectVersion = 55;
	objects = {

/* Begin PBXBuildFile section */
		13D3A9C6283B5604003CB7D7 /* SwiftTrafficLightsApp.swift in Sources */ = {isa = PBXBuildFile; fileRef = 13D3A9B6283B5603003CB7D7 /* SwiftTrafficLightsApp.swift */; };
		13D3A9C7283B5604003CB7D7 /* SwiftTrafficLightsApp.swift in Sources */ = {isa = PBXBuildFile; fileRef = 13D3A9B6283B5603003CB7D7 /* SwiftTrafficLightsApp.swift */; };
		13D3A9C8283B5604003CB7D7 /* ContentView.swift in Sources */ = {isa = PBXBuildFile; fileRef = 13D3A9B7283B5603003CB7D7 /* ContentView.swift */; };
		13D3A9C9283B5604003CB7D7 /* ContentView.swift in Sources */ = {isa = PBXBuildFile; fileRef = 13D3A9B7283B5603003CB7D7 /* ContentView.swift */; };
		13D3A9CA283B5604003CB7D7 /* Assets.xcassets in Resources */ = {isa = PBXBuildFile; fileRef = 13D3A9B8283B5604003CB7D7 /* Assets.xcassets */; };
		13D3A9CB283B5604003CB7D7 /* Assets.xcassets in Resources */ = {isa = PBXBuildFile; fileRef = 13D3A9B8283B5604003CB7D7 /* Assets.xcassets */; };
		13D3A9D5283B8AF2003CB7D7 /* ContentViewModel.swift in Sources */ = {isa = PBXBuildFile; fileRef = 13D3A9D4283B8AF2003CB7D7 /* ContentViewModel.swift */; };
		13D3A9D6283B8AF2003CB7D7 /* ContentViewModel.swift in Sources */ = {isa = PBXBuildFile; fileRef = 13D3A9D4283B8AF2003CB7D7 /* ContentViewModel.swift */; };
/* End PBXBuildFile section */

/* Begin PBXFileReference section */
		13D3A9B6283B5603003CB7D7 /* SwiftTrafficLightsApp.swift */ = {isa = PBXFileReference; lastKnownFileType = sourcecode.swift; path = SwiftTrafficLightsApp.swift; sourceTree = "<group>"; };
		13D3A9B7283B5603003CB7D7 /* ContentView.swift */ = {isa = PBXFileReference; lastKnownFileType = sourcecode.swift; path = ContentView.swift; sourceTree = "<group>"; };
		13D3A9B8283B5604003CB7D7 /* Assets.xcassets */ = {isa = PBXFileReference; lastKnownFileType = folder.assetcatalog; path = Assets.xcassets; sourceTree = "<group>"; };
		13D3A9BD283B5604003CB7D7 /* SwiftTrafficLights.app */ = {isa = PBXFileReference; explicitFileType = wrapper.application; includeInIndex = 0; path = SwiftTrafficLights.app; sourceTree = BUILT_PRODUCTS_DIR; };
		13D3A9C3283B5604003CB7D7 /* SwiftTrafficLights.app */ = {isa = PBXFileReference; explicitFileType = wrapper.application; includeInIndex = 0; path = SwiftTrafficLights.app; sourceTree = BUILT_PRODUCTS_DIR; };
		13D3A9C5283B5604003CB7D7 /* macOS.entitlements */ = {isa = PBXFileReference; lastKnownFileType = text.plist.entitlements; path = macOS.entitlements; sourceTree = "<group>"; };
		13D3A9D4283B8AF2003CB7D7 /* ContentViewModel.swift */ = {isa = PBXFileReference; lastKnownFileType = sourcecode.swift; path = ContentViewModel.swift; sourceTree = "<group>"; };
		13D3A9D7283BB6BA003CB7D7 /* README.md */ = {isa = PBXFileReference; lastKnownFileType = net.daringfireball.markdown; path = README.md; sourceTree = "<group>"; };
		13D3A9D8283BB8DE003CB7D7 /* LICENSE.md */ = {isa = PBXFileReference; lastKnownFileType = net.daringfireball.markdown; path = LICENSE.md; sourceTree = "<group>"; };
/* End PBXFileReference section */

/* Begin PBXFrameworksBuildPhase section */
		13D3A9BA283B5604003CB7D7 /* Frameworks */ = {
			isa = PBXFrameworksBuildPhase;
			buildActionMask = 2147483647;
			files = (
			);
			runOnlyForDeploymentPostprocessing = 0;
		};
		13D3A9C0283B5604003CB7D7 /* Frameworks */ = {
			isa = PBXFrameworksBuildPhase;
			buildActionMask = 2147483647;
			files = (
			);
			runOnlyForDeploymentPostprocessing = 0;
		};
/* End PBXFrameworksBuildPhase section */

/* Begin PBXGroup section */
		13D3A9B0283B5603003CB7D7 = {
			isa = PBXGroup;
			children = (
				13D3A9D8283BB8DE003CB7D7 /* LICENSE.md */,
				13D3A9D7283BB6BA003CB7D7 /* README.md */,
				13D3A9B5283B5603003CB7D7 /* Shared */,
				13D3A9C4283B5604003CB7D7 /* macOS */,
				13D3A9BE283B5604003CB7D7 /* Products */,
			);
			sourceTree = "<group>";
		};
		13D3A9B5283B5603003CB7D7 /* Shared */ = {
			isa = PBXGroup;
			children = (
				13D3A9B6283B5603003CB7D7 /* SwiftTrafficLightsApp.swift */,
				13D3A9B7283B5603003CB7D7 /* ContentView.swift */,
				13D3A9B8283B5604003CB7D7 /* Assets.xcassets */,
				13D3A9D4283B8AF2003CB7D7 /* ContentViewModel.swift */,
			);
			path = Shared;
			sourceTree = "<group>";
		};
		13D3A9BE283B5604003CB7D7 /* Products */ = {
			isa = PBXGroup;
			children = (
				13D3A9BD283B5604003CB7D7 /* SwiftTrafficLights.app */,
				13D3A9C3283B5604003CB7D7 /* SwiftTrafficLights.app */,
			);
			name = Products;
			sourceTree = "<group>";
		};
		13D3A9C4283B5604003CB7D7 /* macOS */ = {
			isa = PBXGroup;
			children = (
				13D3A9C5283B5604003CB7D7 /* macOS.entitlements */,
			);
			path = macOS;
			sourceTree = "<group>";
		};
/* End PBXGroup section */

/* Begin PBXNativeTarget section */
		13D3A9BC283B5604003CB7D7 /* SwiftTrafficLights (iOS) */ = {
			isa = PBXNativeTarget;
			buildConfigurationList = 13D3A9CE283B5604003CB7D7 /* Build configuration list for PBXNativeTarget "SwiftTrafficLights (iOS)" */;
			buildPhases = (
				13D3A9B9283B5604003CB7D7 /* Sources */,
				13D3A9BA283B5604003CB7D7 /* Frameworks */,
				13D3A9BB283B5604003CB7D7 /* Resources */,
			);
			buildRules = (
			);
			dependencies = (
			);
			name = "SwiftTrafficLights (iOS)";
			productName = "SwiftTrafficLights (iOS)";
			productReference = 13D3A9BD283B5604003CB7D7 /* SwiftTrafficLights.app */;
			productType = "com.apple.product-type.application";
		};
		13D3A9C2283B5604003CB7D7 /* SwiftTrafficLights (macOS) */ = {
			isa = PBXNativeTarget;
			buildConfigurationList = 13D3A9D1283B5604003CB7D7 /* Build configuration list for PBXNativeTarget "SwiftTrafficLights (macOS)" */;
			buildPhases = (
				13D3A9BF283B5604003CB7D7 /* Sources */,
				13D3A9C0283B5604003CB7D7 /* Frameworks */,
				13D3A9C1283B5604003CB7D7 /* Resources */,
			);
			buildRules = (
			);
			dependencies = (
			);
			name = "SwiftTrafficLights (macOS)";
			productName = "SwiftTrafficLights (macOS)";
			productReference = 13D3A9C3283B5604003CB7D7 /* SwiftTrafficLights.app */;
			productType = "com.apple.product-type.application";
		};
/* End PBXNativeTarget section */

/* Begin PBXProject section */
		13D3A9B1283B5603003CB7D7 /* Project object */ = {
			isa = PBXProject;
			attributes = {
				BuildIndependentTargetsInParallel = 1;
				LastSwiftUpdateCheck = 1340;
				LastUpgradeCheck = 1340;
				TargetAttributes = {
					13D3A9BC283B5604003CB7D7 = {
						CreatedOnToolsVersion = 13.4;
					};
					13D3A9C2283B5604003CB7D7 = {
						CreatedOnToolsVersion = 13.4;
					};
				};
			};
			buildConfigurationList = 13D3A9B4283B5603003CB7D7 /* Build configuration list for PBXProject "SwiftTrafficLights" */;
			compatibilityVersion = "Xcode 13.0";
			developmentRegion = en;
			hasScannedForEncodings = 0;
			knownRegions = (
				en,
				Base,
			);
			mainGroup = 13D3A9B0283B5603003CB7D7;
			productRefGroup = 13D3A9BE283B5604003CB7D7 /* Products */;
			projectDirPath = "";
			projectRoot = "";
			targets = (
				13D3A9BC283B5604003CB7D7 /* SwiftTrafficLights (iOS) */,
				13D3A9C2283B5604003CB7D7 /* SwiftTrafficLights (macOS) */,
			);
		};
/* End PBXProject section */

/* Begin PBXResourcesBuildPhase section */
		13D3A9BB283B5604003CB7D7 /* Resources */ = {
			isa = PBXResourcesBuildPhase;
			buildActionMask = 2147483647;
			files = (
				13D3A9CA283B5604003CB7D7 /* Assets.xcassets in Resources */,
			);
			runOnlyForDeploymentPostprocessing = 0;
		};
		13D3A9C1283B5604003CB7D7 /* Resources */ = {
			isa = PBXResourcesBuildPhase;
			buildActionMask = 2147483647;
			files = (
				13D3A9CB283B5604003CB7D7 /* Assets.xcassets in Resources */,
			);
			runOnlyForDeploymentPostprocessing = 0;
		};
/* End PBXResourcesBuildPhase section */

/* Begin PBXSourcesBuildPhase section */
		13D3A9B9283B5604003CB7D7 /* Sources */ = {
			isa = PBXSourcesBuildPhase;
			buildActionMask = 2147483647;
			files = (
				13D3A9C8283B5604003CB7D7 /* ContentView.swift in Sources */,
				13D3A9C6283B5604003CB7D7 /* SwiftTrafficLightsApp.swift in Sources */,
				13D3A9D5283B8AF2003CB7D7 /* ContentViewModel.swift in Sources */,
			);
			runOnlyForDeploymentPostprocessing = 0;
		};
		13D3A9BF283B5604003CB7D7 /* Sources */ = {
			isa = PBXSourcesBuildPhase;
			buildActionMask = 2147483647;
			files = (
				13D3A9C9283B5604003CB7D7 /* ContentView.swift in Sources */,
				13D3A9C7283B5604003CB7D7 /* SwiftTrafficLightsApp.swift in Sources */,
				13D3A9D6283B8AF2003CB7D7 /* ContentViewModel.swift in Sources */,
			);
			runOnlyForDeploymentPostprocessing = 0;
		};
/* End PBXSourcesBuildPhase section */

/* Begin XCBuildConfiguration section */
		13D3A9CC283B5604003CB7D7 /* Debug */ = {
			isa = XCBuildConfiguration;
			buildSettings = {
				ALWAYS_SEARCH_USER_PATHS = NO;
				CLANG_ANALYZER_NONNULL = YES;
				CLANG_ANALYZER_NUMBER_OBJECT_CONVERSION = YES_AGGRESSIVE;
				CLANG_CXX_LANGUAGE_STANDARD = "gnu++17";
				CLANG_ENABLE_MODULES = YES;
				CLANG_ENABLE_OBJC_ARC = YES;
				CLANG_ENABLE_OBJC_WEAK = YES;
				CLANG_WARN_BLOCK_CAPTURE_AUTORELEASING = YES;
				CLANG_WARN_BOOL_CONVERSION = YES;
				CLANG_WARN_COMMA = YES;
				CLANG_WARN_CONSTANT_CONVERSION = YES;
				CLANG_WARN_DEPRECATED_OBJC_IMPLEMENTATIONS = YES;
				CLANG_WARN_DIRECT_OBJC_ISA_USAGE = YES_ERROR;
				CLANG_WARN_DOCUMENTATION_COMMENTS = YES;
				CLANG_WARN_EMPTY_BODY = YES;
				CLANG_WARN_ENUM_CONVERSION = YES;
				CLANG_WARN_INFINITE_RECURSION = YES;
				CLANG_WARN_INT_CONVERSION = YES;
				CLANG_WARN_NON_LITERAL_NULL_CONVERSION = YES;
				CLANG_WARN_OBJC_IMPLICIT_RETAIN_SELF = YES;
				CLANG_WARN_OBJC_LITERAL_CONVERSION = YES;
				CLANG_WARN_OBJC_ROOT_CLASS = YES_ERROR;
				CLANG_WARN_QUOTED_INCLUDE_IN_FRAMEWORK_HEADER = YES;
				CLANG_WARN_RANGE_LOOP_ANALYSIS = YES;
				CLANG_WARN_STRICT_PROTOTYPES = YES;
				CLANG_WARN_SUSPICIOUS_MOVE = YES;
				CLANG_WARN_UNGUARDED_AVAILABILITY = YES_AGGRESSIVE;
				CLANG_WARN_UNREACHABLE_CODE = YES;
				CLANG_WARN__DUPLICATE_METHOD_MATCH = YES;
				COPY_PHASE_STRIP = NO;
				DEBUG_INFORMATION_FORMAT = dwarf;
				ENABLE_STRICT_OBJC_MSGSEND = YES;
				ENABLE_TESTABILITY = YES;
				GCC_C_LANGUAGE_STANDARD = gnu11;
				GCC_DYNAMIC_NO_PIC = NO;
				GCC_NO_COMMON_BLOCKS = YES;
				GCC_OPTIMIZATION_LEVEL = 0;
				GCC_PREPROCESSOR_DEFINITIONS = (
					"DEBUG=1",
					"$(inherited)",
				);
				GCC_WARN_64_TO_32_BIT_CONVERSION = YES;
				GCC_WARN_ABOUT_RETURN_TYPE = YES_ERROR;
				GCC_WARN_UNDECLARED_SELECTOR = YES;
				GCC_WARN_UNINITIALIZED_AUTOS = YES_AGGRESSIVE;
				GCC_WARN_UNUSED_FUNCTION = YES;
				GCC_WARN_UNUSED_VARIABLE = YES;
				MTL_ENABLE_DEBUG_INFO = INCLUDE_SOURCE;
				MTL_FAST_MATH = YES;
				ONLY_ACTIVE_ARCH = YES;
				SWIFT_ACTIVE_COMPILATION_CONDITIONS = DEBUG;
				SWIFT_OPTIMIZATION_LEVEL = "-Onone";
			};
			name = Debug;
		};
		13D3A9CD283B5604003CB7D7 /* Release */ = {
			isa = XCBuildConfiguration;
			buildSettings = {
				ALWAYS_SEARCH_USER_PATHS = NO;
				CLANG_ANALYZER_NONNULL = YES;
				CLANG_ANALYZER_NUMBER_OBJECT_CONVERSION = YES_AGGRESSIVE;
				CLANG_CXX_LANGUAGE_STANDARD = "gnu++17";
				CLANG_ENABLE_MODULES = YES;
				CLANG_ENABLE_OBJC_ARC = YES;
				CLANG_ENABLE_OBJC_WEAK = YES;
				CLANG_WARN_BLOCK_CAPTURE_AUTORELEASING = YES;
				CLANG_WARN_BOOL_CONVERSION = YES;
				CLANG_WARN_COMMA = YES;
				CLANG_WARN_CONSTANT_CONVERSION = YES;
				CLANG_WARN_DEPRECATED_OBJC_IMPLEMENTATIONS = YES;
				CLANG_WARN_DIRECT_OBJC_ISA_USAGE = YES_ERROR;
				CLANG_WARN_DOCUMENTATION_COMMENTS = YES;
				CLANG_WARN_EMPTY_BODY = YES;
				CLANG_WARN_ENUM_CONVERSION = YES;
				CLANG_WARN_INFINITE_RECURSION = YES;
				CLANG_WARN_INT_CONVERSION = YES;
				CLANG_WARN_NON_LITERAL_NULL_CONVERSION = YES;
				CLANG_WARN_OBJC_IMPLICIT_RETAIN_SELF = YES;
				CLANG_WARN_OBJC_LITERAL_CONVERSION = YES;
				CLANG_WARN_OBJC_ROOT_CLASS = YES_ERROR;
				CLANG_WARN_QUOTED_INCLUDE_IN_FRAMEWORK_HEADER = YES;
				CLANG_WARN_RANGE_LOOP_ANALYSIS = YES;
				CLANG_WARN_STRICT_PROTOTYPES = YES;
				CLANG_WARN_SUSPICIOUS_MOVE = YES;
				CLANG_WARN_UNGUARDED_AVAILABILITY = YES_AGGRESSIVE;
				CLANG_WARN_UNREACHABLE_CODE = YES;
				CLANG_WARN__DUPLICATE_METHOD_MATCH = YES;
				COPY_PHASE_STRIP = NO;
				DEBUG_INFORMATION_FORMAT = "dwarf-with-dsym";
				ENABLE_NS_ASSERTIONS = NO;
				ENABLE_STRICT_OBJC_MSGSEND = YES;
				GCC_C_LANGUAGE_STANDARD = gnu11;
				GCC_NO_COMMON_BLOCKS = YES;
				GCC_WARN_64_TO_32_BIT_CONVERSION = YES;
				GCC_WARN_ABOUT_RETURN_TYPE = YES_ERROR;
				GCC_WARN_UNDECLARED_SELECTOR = YES;
				GCC_WARN_UNINITIALIZED_AUTOS = YES_AGGRESSIVE;
				GCC_WARN_UNUSED_FUNCTION = YES;
				GCC_WARN_UNUSED_VARIABLE = YES;
				MTL_ENABLE_DEBUG_INFO = NO;
				MTL_FAST_MATH = YES;
				SWIFT_COMPILATION_MODE = wholemodule;
				SWIFT_OPTIMIZATION_LEVEL = "-O";
			};
			name = Release;
		};
		13D3A9CF283B5604003CB7D7 /* Debug */ = {
			isa = XCBuildConfiguration;
			buildSettings = {
				ASSETCATALOG_COMPILER_APPICON_NAME = AppIcon;
				ASSETCATALOG_COMPILER_GLOBAL_ACCENT_COLOR_NAME = AccentColor;
				CODE_SIGN_STYLE = Automatic;
				CURRENT_PROJECT_VERSION = 1;
				ENABLE_PREVIEWS = YES;
				GENERATE_INFOPLIST_FILE = YES;
				INFOPLIST_KEY_UIApplicationSceneManifest_Generation = YES;
				INFOPLIST_KEY_UIApplicationSupportsIndirectInputEvents = YES;
				INFOPLIST_KEY_UILaunchScreen_Generation = YES;
				INFOPLIST_KEY_UISupportedInterfaceOrientations_iPad = "UIInterfaceOrientationPortrait UIInterfaceOrientationPortraitUpsideDown UIInterfaceOrientationLandscapeLeft UIInterfaceOrientationLandscapeRight";
				INFOPLIST_KEY_UISupportedInterfaceOrientations_iPhone = "UIInterfaceOrientationPortrait UIInterfaceOrientationLandscapeLeft UIInterfaceOrientationLandscapeRight";
				IPHONEOS_DEPLOYMENT_TARGET = 15.5;
				LD_RUNPATH_SEARCH_PATHS = (
					"$(inherited)",
					"@executable_path/Frameworks",
				);
				MARKETING_VERSION = 1.0;
				PRODUCT_BUNDLE_IDENTIFIER = com.example.SwiftTrafficLights;
				PRODUCT_NAME = SwiftTrafficLights;
				SDKROOT = iphoneos;
				SWIFT_EMIT_LOC_STRINGS = YES;
				SWIFT_VERSION = 5.0;
				TARGETED_DEVICE_FAMILY = "1,2";
			};
			name = Debug;
		};
		13D3A9D0283B5604003CB7D7 /* Release */ = {
			isa = XCBuildConfiguration;
			buildSettings = {
				ASSETCATALOG_COMPILER_APPICON_NAME = AppIcon;
				ASSETCATALOG_COMPILER_GLOBAL_ACCENT_COLOR_NAME = AccentColor;
				CODE_SIGN_STYLE = Automatic;
				CURRENT_PROJECT_VERSION = 1;
				ENABLE_PREVIEWS = YES;
				GENERATE_INFOPLIST_FILE = YES;
				INFOPLIST_KEY_UIApplicationSceneManifest_Generation = YES;
				INFOPLIST_KEY_UIApplicationSupportsIndirectInputEvents = YES;
				INFOPLIST_KEY_UILaunchScreen_Generation = YES;
				INFOPLIST_KEY_UISupportedInterfaceOrientations_iPad = "UIInterfaceOrientationPortrait UIInterfaceOrientationPortraitUpsideDown UIInterfaceOrientationLandscapeLeft UIInterfaceOrientationLandscapeRight";
				INFOPLIST_KEY_UISupportedInterfaceOrientations_iPhone = "UIInterfaceOrientationPortrait UIInterfaceOrientationLandscapeLeft UIInterfaceOrientationLandscapeRight";
				IPHONEOS_DEPLOYMENT_TARGET = 15.5;
				LD_RUNPATH_SEARCH_PATHS = (
					"$(inherited)",
					"@executable_path/Frameworks",
				);
				MARKETING_VERSION = 1.0;
				PRODUCT_BUNDLE_IDENTIFIER = com.example.SwiftTrafficLights;
				PRODUCT_NAME = SwiftTrafficLights;
				SDKROOT = iphoneos;
				SWIFT_EMIT_LOC_STRINGS = YES;
				SWIFT_VERSION = 5.0;
				TARGETED_DEVICE_FAMILY = "1,2";
				VALIDATE_PRODUCT = YES;
			};
			name = Release;
		};
		13D3A9D2283B5604003CB7D7 /* Debug */ = {
			isa = XCBuildConfiguration;
			buildSettings = {
				ASSETCATALOG_COMPILER_APPICON_NAME = AppIcon;
				ASSETCATALOG_COMPILER_GLOBAL_ACCENT_COLOR_NAME = AccentColor;
				CODE_SIGN_ENTITLEMENTS = macOS/macOS.entitlements;
				CODE_SIGN_STYLE = Automatic;
				COMBINE_HIDPI_IMAGES = YES;
				CURRENT_PROJECT_VERSION = 1;
				ENABLE_PREVIEWS = YES;
				GENERATE_INFOPLIST_FILE = YES;
				INFOPLIST_KEY_NSHumanReadableCopyright = "";
				LD_RUNPATH_SEARCH_PATHS = (
					"$(inherited)",
					"@executable_path/../Frameworks",
				);
				MACOSX_DEPLOYMENT_TARGET = 12.3;
				MARKETING_VERSION = 1.0;
				PRODUCT_BUNDLE_IDENTIFIER = com.example.SwiftTrafficLights;
				PRODUCT_NAME = SwiftTrafficLights;
				SDKROOT = macosx;
				SWIFT_EMIT_LOC_STRINGS = YES;
				SWIFT_VERSION = 5.0;
			};
			name = Debug;
		};
		13D3A9D3283B5604003CB7D7 /* Release */ = {
			isa = XCBuildConfiguration;
			buildSettings = {
				ASSETCATALOG_COMPILER_APPICON_NAME = AppIcon;
				ASSETCATALOG_COMPILER_GLOBAL_ACCENT_COLOR_NAME = AccentColor;
				CODE_SIGN_ENTITLEMENTS = macOS/macOS.entitlements;
				CODE_SIGN_STYLE = Automatic;
				COMBINE_HIDPI_IMAGES = YES;
				CURRENT_PROJECT_VERSION = 1;
				ENABLE_PREVIEWS = YES;
				GENERATE_INFOPLIST_FILE = YES;
				INFOPLIST_KEY_NSHumanReadableCopyright = "";
				LD_RUNPATH_SEARCH_PATHS = (
					"$(inherited)",
					"@executable_path/../Frameworks",
				);
				MACOSX_DEPLOYMENT_TARGET = 12.3;
				MARKETING_VERSION = 1.0;
				PRODUCT_BUNDLE_IDENTIFIER = com.example.SwiftTrafficLights;
				PRODUCT_NAME = SwiftTrafficLights;
				SDKROOT = macosx;
				SWIFT_EMIT_LOC_STRINGS = YES;
				SWIFT_VERSION = 5.0;
			};
			name = Release;
		};
/* End XCBuildConfiguration section */

/* Begin XCConfigurationList section */
		13D3A9B4283B5603003CB7D7 /* Build configuration list for PBXProject "SwiftTrafficLights" */ = {
			isa = XCConfigurationList;
			buildConfigurations = (
				13D3A9CC283B5604003CB7D7 /* Debug */,
				13D3A9CD283B5604003CB7D7 /* Release */,
			);
			defaultConfigurationIsVisible = 0;
			defaultConfigurationName = Release;
		};
		13D3A9CE283B5604003CB7D7 /* Build configuration list for PBXNativeTarget "SwiftTrafficLights (iOS)" */ = {
			isa = XCConfigurationList;
			buildConfigurations = (
				13D3A9CF283B5604003CB7D7 /* Debug */,
				13D3A9D0283B5604003CB7D7 /* Release */,
			);
			defaultConfigurationIsVisible = 0;
			defaultConfigurationName = Release;
		};
		13D3A9D1283B5604003CB7D7 /* Build configuration list for PBXNativeTarget "SwiftTrafficLights (macOS)" */ = {
			isa = XCConfigurationList;
			buildConfigurations = (
				13D3A9D2283B5604003CB7D7 /* Debug */,
				13D3A9D3283B5604003CB7D7 /* Release */,
			);
			defaultConfigurationIsVisible = 0;
			defaultConfigurationName = Release;
		};
/* End XCConfigurationList section */
	};
	rootObject = 13D3A9B1283B5603003CB7D7 /* Project object */;
}
